
Microsoft Visual Studio Solution File, Format Version 12.00
# Visual Studio 15
VisualStudioVersion = 15.0.27130.2010
MinimumVisualStudioVersion = 10.0.40219.1
Project("{FAE04EC0-301F-11D3-BF4B-00C04F79EFBC}") = "Acts29Torch.WEB", "Acts29Torch.WEB\Acts29Torch.WEB.csproj", "{9639B3D5-BEE9-4FED-BBC0-E567F754B9BF}"
EndProject
Project("{FAE04EC0-301F-11D3-BF4B-00C04F79EFBC}") = "Acts29Torch.API", "Acts29Torch.API\Acts29Torch.API.csproj", "{83CFBBE9-CDF9-4326-9655-8ACA69F2985A}"
EndProject
Project("{FAE04EC0-301F-11D3-BF4B-00C04F79EFBC}") = "Acts29Torch.EF", "Acts29Torch.EF\Acts29Torch.EF.csproj", "{E81489E3-429E-4C6B-84C9-F1C8EDE3C20A}"
EndProject
Project("{FAE04EC0-301F-11D3-BF4B-00C04F79EFBC}") = "Acts29Torch.MODEL", "Acts29Torch.MODEL\Acts29Torch.MODEL.csproj", "{BFE326CB-EFD0-4152-BC28-962C7375E5BC}"
EndProject
Project("{FAE04EC0-301F-11D3-BF4B-00C04F79EFBC}") = "Acts29Torch.DAL", "Acts29Torch.DAL\Acts29Torch.DAL.csproj", "{B5CD0EED-27E3-4D51-9381-59D90C3455EB}"
EndProject
Project("{FAE04EC0-301F-11D3-BF4B-00C04F79EFBC}") = "Acts29Torch.BLL", "Acts29Torch.BLL\Acts29Torch.BLL.csproj", "{B5E4153F-8F9D-4D7B-8B99-F58E83091605}"
EndProject
Global
	GlobalSection(SolutionConfigurationPlatforms) = preSolution
		Debug|Any CPU = Debug|Any CPU
		Release|Any CPU = Release|Any CPU
	EndGlobalSection
	GlobalSection(ProjectConfigurationPlatforms) = postSolution
		{9639B3D5-BEE9-4FED-BBC0-E567F754B9BF}.Debug|Any CPU.ActiveCfg = Debug|Any CPU
		{9639B3D5-BEE9-4FED-BBC0-E567F754B9BF}.Debug|Any CPU.Build.0 = Debug|Any CPU
		{9639B3D5-BEE9-4FED-BBC0-E567F754B9BF}.Release|Any CPU.ActiveCfg = Release|Any CPU
		{9639B3D5-BEE9-4FED-BBC0-E567F754B9BF}.Release|Any CPU.Build.0 = Release|Any CPU
		{83CFBBE9-CDF9-4326-9655-8ACA69F2985A}.Debug|Any CPU.ActiveCfg = Debug|Any CPU
		{83CFBBE9-CDF9-4326-9655-8ACA69F2985A}.Debug|Any CPU.Build.0 = Debug|Any CPU
		{83CFBBE9-CDF9-4326-9655-8ACA69F2985A}.Release|Any CPU.ActiveCfg = Release|Any CPU
		{83CFBBE9-CDF9-4326-9655-8ACA69F2985A}.Release|Any CPU.Build.0 = Release|Any CPU
		{E81489E3-429E-4C6B-84C9-F1C8EDE3C20A}.Debug|Any CPU.ActiveCfg = Debug|Any CPU
		{E81489E3-429E-4C6B-84C9-F1C8EDE3C20A}.Debug|Any CPU.Build.0 = Debug|Any CPU
		{E81489E3-429E-4C6B-84C9-F1C8EDE3C20A}.Release|Any CPU.ActiveCfg = Release|Any CPU
		{E81489E3-429E-4C6B-84C9-F1C8EDE3C20A}.Release|Any CPU.Build.0 = Release|Any CPU
		{BFE326CB-EFD0-4152-BC28-962C7375E5BC}.Debug|Any CPU.ActiveCfg = Debug|Any CPU
		{BFE326CB-EFD0-4152-BC28-962C7375E5BC}.Debug|Any CPU.Build.0 = Debug|Any CPU
		{BFE326CB-EFD0-4152-BC28-962C7375E5BC}.Release|Any CPU.ActiveCfg = Release|Any CPU
		{BFE326CB-EFD0-4152-BC28-962C7375E5BC}.Release|Any CPU.Build.0 = Release|Any CPU
		{B5CD0EED-27E3-4D51-9381-59D90C3455EB}.Debug|Any CPU.ActiveCfg = Debug|Any CPU
		{B5CD0EED-27E3-4D51-9381-59D90C3455EB}.Debug|Any CPU.Build.0 = Debug|Any CPU
		{B5CD0EED-27E3-4D51-9381-59D90C3455EB}.Release|Any CPU.ActiveCfg = Release|Any CPU
		{B5CD0EED-27E3-4D51-9381-59D90C3455EB}.Release|Any CPU.Build.0 = Release|Any CPU
		{B5E4153F-8F9D-4D7B-8B99-F58E83091605}.Debug|Any CPU.ActiveCfg = Debug|Any CPU
		{B5E4153F-8F9D-4D7B-8B99-F58E83091605}.Debug|Any CPU.Build.0 = Debug|Any CPU
		{B5E4153F-8F9D-4D7B-8B99-F58E83091605}.Release|Any CPU.ActiveCfg = Release|Any CPU
		{B5E4153F-8F9D-4D7B-8B99-F58E83091605}.Release|Any CPU.Build.0 = Release|Any CPU
	EndGlobalSection
	GlobalSection(SolutionProperties) = preSolution
		HideSolutionNode = FALSE
	EndGlobalSection
	GlobalSection(ExtensibilityGlobals) = postSolution
		SolutionGuid = {13DC4F99-104E-4206-9AD5-50B1044718D3}
	EndGlobalSection
EndGlobal
